
Microsoft Visual Studio Solution File, Format Version 12.00
# Visual Studio Version 17
VisualStudioVersion = 17.7.34202.233
MinimumVisualStudioVersion = 10.0.40219.1
Project("{9A19103F-16F7-4668-BE54-9A1E7A4F7556}") = "Labolatorium1", "Labolatorium1\Labolatorium1.csproj", "{5214F2E5-3A7A-416C-AA63-920D1510E2C3}"
EndProject
Project("{9A19103F-16F7-4668-BE54-9A1E7A4F7556}") = "Labolatorium2", "Labolatorium2\Labolatorium2.csproj", "{A736D944-F66A-4958-96C6-43F64CEF2960}"
EndProject
Project("{9A19103F-16F7-4668-BE54-9A1E7A4F7556}") = "Labolatorium 3 - App", "Labolatorium 3 - App\Labolatorium 3 - App.csproj", "{2DBB887C-2410-4D55-A397-311173C391C2}"
EndProject
Project("{FAE04EC0-301F-11D3-BF4B-00C04F79EFBC}") = "Data", "Data\Data.csproj", "{066091DD-EC00-4908-86DD-8FCA56DF0B1D}"
EndProject
Global
	GlobalSection(SolutionConfigurationPlatforms) = preSolution
		Debug|Any CPU = Debug|Any CPU
		Release|Any CPU = Release|Any CPU
	EndGlobalSection
	GlobalSection(ProjectConfigurationPlatforms) = postSolution
		{5214F2E5-3A7A-416C-AA63-920D1510E2C3}.Debug|Any CPU.ActiveCfg = Debug|Any CPU
		{5214F2E5-3A7A-416C-AA63-920D1510E2C3}.Debug|Any CPU.Build.0 = Debug|Any CPU
		{5214F2E5-3A7A-416C-AA63-920D1510E2C3}.Release|Any CPU.ActiveCfg = Release|Any CPU
		{5214F2E5-3A7A-416C-AA63-920D1510E2C3}.Release|Any CPU.Build.0 = Release|Any CPU
		{A736D944-F66A-4958-96C6-43F64CEF2960}.Debug|Any CPU.ActiveCfg = Debug|Any CPU
		{A736D944-F66A-4958-96C6-43F64CEF2960}.Debug|Any CPU.Build.0 = Debug|Any CPU
		{A736D944-F66A-4958-96C6-43F64CEF2960}.Release|Any CPU.ActiveCfg = Release|Any CPU
		{A736D944-F66A-4958-96C6-43F64CEF2960}.Release|Any CPU.Build.0 = Release|Any CPU
		{2DBB887C-2410-4D55-A397-311173C391C2}.Debug|Any CPU.ActiveCfg = Debug|Any CPU
		{2DBB887C-2410-4D55-A397-311173C391C2}.Debug|Any CPU.Build.0 = Debug|Any CPU
		{2DBB887C-2410-4D55-A397-311173C391C2}.Release|Any CPU.ActiveCfg = Release|Any CPU
		{2DBB887C-2410-4D55-A397-311173C391C2}.Release|Any CPU.Build.0 = Release|Any CPU
		{066091DD-EC00-4908-86DD-8FCA56DF0B1D}.Debug|Any CPU.ActiveCfg = Debug|Any CPU
		{066091DD-EC00-4908-86DD-8FCA56DF0B1D}.Debug|Any CPU.Build.0 = Debug|Any CPU
		{066091DD-EC00-4908-86DD-8FCA56DF0B1D}.Release|Any CPU.ActiveCfg = Release|Any CPU
		{066091DD-EC00-4908-86DD-8FCA56DF0B1D}.Release|Any CPU.Build.0 = Release|Any CPU
	EndGlobalSection
	GlobalSection(SolutionProperties) = preSolution
		HideSolutionNode = FALSE
	EndGlobalSection
	GlobalSection(ExtensibilityGlobals) = postSolution
		SolutionGuid = {40E7D649-94BE-4364-842D-7193ED3E9AC7}
	EndGlobalSection
EndGlobal
